
Microsoft Visual Studio Solution File, Format Version 12.00
# Visual Studio Version 16
VisualStudioVersion = 16.0.32126.315
MinimumVisualStudioVersion = 10.0.40219.1
Project("{FAE04EC0-301F-11D3-BF4B-00C04F79EFBC}") = "SebaMobileForm", "Seba_Mobile_Form\SebaMobileForm.csproj", "{53852FE8-6729-44D9-A245-406F7B9DE850}"
EndProject
Project("{FAE04EC0-301F-11D3-BF4B-00C04F79EFBC}") = "SebaMobileLib", "Seba_Mobile_Lib\SebaMobileLib.csproj", "{807FF7CA-3164-4695-B554-102DAC9D4C25}"
EndProject
Project("{FAE04EC0-301F-11D3-BF4B-00C04F79EFBC}") = "SebaMobileFormTest", "Seba_Mobile_Form_Test\SebaMobileFormTest.csproj", "{7B9B0F7E-0B29-4CAF-AB44-C7D537AF7CF3}"
EndProject
Project("{FAE04EC0-301F-11D3-BF4B-00C04F79EFBC}") = "SebaMobilePhoneConsoleApp", "Seba_Mobile_consoleApp\SebaMobilePhoneConsoleApp.csproj", "{D6482ACF-C106-47D0-826F-9AAFF18C5C1F}"
EndProject
Project("{FAE04EC0-301F-11D3-BF4B-00C04F79EFBC}") = "SebaMobileMessages", "SebaMobileMessages\SebaMobileMessages.csproj", "{189C64AB-C397-4E42-A90D-8FE4C2C92CA3}"
EndProject
Project("{FAE04EC0-301F-11D3-BF4B-00C04F79EFBC}") = "SebaMobileMessagesTest", "SebaMobileMessagesTest\SebaMobileMessagesTest.csproj", "{3765DCAB-A4A0-4508-83F2-BE720DC1EE73}"
EndProject
Global
	GlobalSection(SolutionConfigurationPlatforms) = preSolution
		Debug|Any CPU = Debug|Any CPU
		Release|Any CPU = Release|Any CPU
	EndGlobalSection
	GlobalSection(ProjectConfigurationPlatforms) = postSolution
		{53852FE8-6729-44D9-A245-406F7B9DE850}.Debug|Any CPU.ActiveCfg = Debug|Any CPU
		{53852FE8-6729-44D9-A245-406F7B9DE850}.Debug|Any CPU.Build.0 = Debug|Any CPU
		{53852FE8-6729-44D9-A245-406F7B9DE850}.Release|Any CPU.ActiveCfg = Release|Any CPU
		{53852FE8-6729-44D9-A245-406F7B9DE850}.Release|Any CPU.Build.0 = Release|Any CPU
		{807FF7CA-3164-4695-B554-102DAC9D4C25}.Debug|Any CPU.ActiveCfg = Debug|Any CPU
		{807FF7CA-3164-4695-B554-102DAC9D4C25}.Debug|Any CPU.Build.0 = Debug|Any CPU
		{807FF7CA-3164-4695-B554-102DAC9D4C25}.Release|Any CPU.ActiveCfg = Release|Any CPU
		{807FF7CA-3164-4695-B554-102DAC9D4C25}.Release|Any CPU.Build.0 = Release|Any CPU
		{7B9B0F7E-0B29-4CAF-AB44-C7D537AF7CF3}.Debug|Any CPU.ActiveCfg = Debug|Any CPU
		{7B9B0F7E-0B29-4CAF-AB44-C7D537AF7CF3}.Debug|Any CPU.Build.0 = Debug|Any CPU
		{7B9B0F7E-0B29-4CAF-AB44-C7D537AF7CF3}.Release|Any CPU.ActiveCfg = Release|Any CPU
		{7B9B0F7E-0B29-4CAF-AB44-C7D537AF7CF3}.Release|Any CPU.Build.0 = Release|Any CPU
		{D6482ACF-C106-47D0-826F-9AAFF18C5C1F}.Debug|Any CPU.ActiveCfg = Debug|Any CPU
		{D6482ACF-C106-47D0-826F-9AAFF18C5C1F}.Debug|Any CPU.Build.0 = Debug|Any CPU
		{D6482ACF-C106-47D0-826F-9AAFF18C5C1F}.Release|Any CPU.ActiveCfg = Release|Any CPU
		{D6482ACF-C106-47D0-826F-9AAFF18C5C1F}.Release|Any CPU.Build.0 = Release|Any CPU
		{189C64AB-C397-4E42-A90D-8FE4C2C92CA3}.Debug|Any CPU.ActiveCfg = Debug|Any CPU
		{189C64AB-C397-4E42-A90D-8FE4C2C92CA3}.Debug|Any CPU.Build.0 = Debug|Any CPU
		{189C64AB-C397-4E42-A90D-8FE4C2C92CA3}.Release|Any CPU.ActiveCfg = Release|Any CPU
		{189C64AB-C397-4E42-A90D-8FE4C2C92CA3}.Release|Any CPU.Build.0 = Release|Any CPU
		{3765DCAB-A4A0-4508-83F2-BE720DC1EE73}.Debug|Any CPU.ActiveCfg = Debug|Any CPU
		{3765DCAB-A4A0-4508-83F2-BE720DC1EE73}.Debug|Any CPU.Build.0 = Debug|Any CPU
		{3765DCAB-A4A0-4508-83F2-BE720DC1EE73}.Release|Any CPU.ActiveCfg = Release|Any CPU
		{3765DCAB-A4A0-4508-83F2-BE720DC1EE73}.Release|Any CPU.Build.0 = Release|Any CPU
	EndGlobalSection
	GlobalSection(SolutionProperties) = preSolution
		HideSolutionNode = FALSE
	EndGlobalSection
	GlobalSection(ExtensibilityGlobals) = postSolution
		SolutionGuid = {BB697BC2-FEAE-4E6C-8AC1-9D328EF18FAE}
	EndGlobalSection
EndGlobal
